
Microsoft Visual Studio Solution File, Format Version 12.00
Project("{FAE04EC0-301F-11D3-BF4B-00C04F79EFBC}") = "FloraEdu.Domain", "FloraEdu.Domain\FloraEdu.Domain.csproj", "{33F6D830-575F-46A9-950F-AD1ABD62C6FD}"
EndProject
Project("{FAE04EC0-301F-11D3-BF4B-00C04F79EFBC}") = "FloraEdu.Persistence", "FloraEdu.Persistence\FloraEdu.Persistence.csproj", "{2C862739-2C52-428F-821F-6DA10EEEB87D}"
EndProject
Project("{FAE04EC0-301F-11D3-BF4B-00C04F79EFBC}") = "FloraEdu.Application", "FloraEdu.Application\FloraEdu.Application.csproj", "{08B1F567-74C0-4D70-8846-7691BAD07E47}"
EndProject
Project("{FAE04EC0-301F-11D3-BF4B-00C04F79EFBC}") = "FloraEdu.Web", "FloraEdu.Web\FloraEdu.Web.csproj", "{A0D86B6B-E3C8-4B02-AD0D-037E14849367}"
EndProject
Global
	GlobalSection(SolutionConfigurationPlatforms) = preSolution
		Debug|Any CPU = Debug|Any CPU
		Release|Any CPU = Release|Any CPU
	EndGlobalSection
	GlobalSection(ProjectConfigurationPlatforms) = postSolution
		{33F6D830-575F-46A9-950F-AD1ABD62C6FD}.Debug|Any CPU.ActiveCfg = Debug|Any CPU
		{33F6D830-575F-46A9-950F-AD1ABD62C6FD}.Debug|Any CPU.Build.0 = Debug|Any CPU
		{33F6D830-575F-46A9-950F-AD1ABD62C6FD}.Release|Any CPU.ActiveCfg = Release|Any CPU
		{33F6D830-575F-46A9-950F-AD1ABD62C6FD}.Release|Any CPU.Build.0 = Release|Any CPU
		{2C862739-2C52-428F-821F-6DA10EEEB87D}.Debug|Any CPU.ActiveCfg = Debug|Any CPU
		{2C862739-2C52-428F-821F-6DA10EEEB87D}.Debug|Any CPU.Build.0 = Debug|Any CPU
		{2C862739-2C52-428F-821F-6DA10EEEB87D}.Release|Any CPU.ActiveCfg = Release|Any CPU
		{2C862739-2C52-428F-821F-6DA10EEEB87D}.Release|Any CPU.Build.0 = Release|Any CPU
		{08B1F567-74C0-4D70-8846-7691BAD07E47}.Debug|Any CPU.ActiveCfg = Debug|Any CPU
		{08B1F567-74C0-4D70-8846-7691BAD07E47}.Debug|Any CPU.Build.0 = Debug|Any CPU
		{08B1F567-74C0-4D70-8846-7691BAD07E47}.Release|Any CPU.ActiveCfg = Release|Any CPU
		{08B1F567-74C0-4D70-8846-7691BAD07E47}.Release|Any CPU.Build.0 = Release|Any CPU
		{A0D86B6B-E3C8-4B02-AD0D-037E14849367}.Debug|Any CPU.ActiveCfg = Debug|Any CPU
		{A0D86B6B-E3C8-4B02-AD0D-037E14849367}.Debug|Any CPU.Build.0 = Debug|Any CPU
		{A0D86B6B-E3C8-4B02-AD0D-037E14849367}.Release|Any CPU.ActiveCfg = Release|Any CPU
		{A0D86B6B-E3C8-4B02-AD0D-037E14849367}.Release|Any CPU.Build.0 = Release|Any CPU
	EndGlobalSection
EndGlobal
